// !$*UTF8*$!
{
	archiveVersion = 1;
	classes = {
	};
	objectVersion = 56;
	objects = {

/* Begin PBXBuildFile section */
		4F6BED9E2A26A64200CD9322 /* NetflixApp.swift in Sources */ = {isa = PBXBuildFile; fileRef = 4F6BED9D2A26A64200CD9322 /* NetflixApp.swift */; };
		4F6BEDA02A26A64200CD9322 /* ContentView.swift in Sources */ = {isa = PBXBuildFile; fileRef = 4F6BED9F2A26A64200CD9322 /* ContentView.swift */; };
		4F6BEDA22A26A64300CD9322 /* Assets.xcassets in Resources */ = {isa = PBXBuildFile; fileRef = 4F6BEDA12A26A64300CD9322 /* Assets.xcassets */; };
		4F6BEDA62A26A64300CD9322 /* Preview Assets.xcassets in Resources */ = {isa = PBXBuildFile; fileRef = 4F6BEDA52A26A64300CD9322 /* Preview Assets.xcassets */; };
		4F6BEDD52A26A68E00CD9322 /* RevenueCat.framework in Frameworks */ = {isa = PBXBuildFile; fileRef = 4F6BEDB82A26A65500CD9322 /* RevenueCat.framework */; };
		4F6BEDD62A26A68E00CD9322 /* RevenueCat.framework in Embed Frameworks */ = {isa = PBXBuildFile; fileRef = 4F6BEDB82A26A65500CD9322 /* RevenueCat.framework */; settings = {ATTRIBUTES = (CodeSignOnCopy, RemoveHeadersOnCopy, ); }; };
/* End PBXBuildFile section */

/* Begin PBXContainerItemProxy section */
		4F6BEDB72A26A65500CD9322 /* PBXContainerItemProxy */ = {
			isa = PBXContainerItemProxy;
			containerPortal = 4F6BEDAC2A26A65500CD9322 /* RevenueCat.xcodeproj */;
			proxyType = 2;
			remoteGlobalIDString = 2DC5621624EC63420031F69B;
			remoteInfo = RevenueCat;
		};
		4F6BEDB92A26A65500CD9322 /* PBXContainerItemProxy */ = {
			isa = PBXContainerItemProxy;
			containerPortal = 4F6BEDAC2A26A65500CD9322 /* RevenueCat.xcodeproj */;
			proxyType = 2;
			remoteGlobalIDString = 57D92C33293E4D0C00D1912A;
			remoteInfo = ReceiptParser;
		};
		4F6BEDBB2A26A65500CD9322 /* PBXContainerItemProxy */ = {
			isa = PBXContainerItemProxy;
			containerPortal = 4F6BEDAC2A26A65500CD9322 /* RevenueCat.xcodeproj */;
			proxyType = 2;
			remoteGlobalIDString = 2DC5621E24EC63430031F69B;
			remoteInfo = UnitTests;
		};
		4F6BEDBD2A26A65500CD9322 /* PBXContainerItemProxy */ = {
			isa = PBXContainerItemProxy;
			containerPortal = 4F6BEDAC2A26A65500CD9322 /* RevenueCat.xcodeproj */;
			proxyType = 2;
			remoteGlobalIDString = 5759B401296DF65D002472D5;
			remoteInfo = ReceiptParserTests;
		};
		4F6BEDBF2A26A65500CD9322 /* PBXContainerItemProxy */ = {
			isa = PBXContainerItemProxy;
			containerPortal = 4F6BEDAC2A26A65500CD9322 /* RevenueCat.xcodeproj */;
			proxyType = 2;
			remoteGlobalIDString = 2DE20B7F26409EB7004C597D;
			remoteInfo = BackendIntegrationTestsHostApp;
		};
		4F6BEDC12A26A65500CD9322 /* PBXContainerItemProxy */ = {
			isa = PBXContainerItemProxy;
			containerPortal = 4F6BEDAC2A26A65500CD9322 /* RevenueCat.xcodeproj */;
			proxyType = 2;
			remoteGlobalIDString = 2DE20B6C264087FB004C597D;
			remoteInfo = BackendIntegrationTests;
		};
		4F6BEDC32A26A65500CD9322 /* PBXContainerItemProxy */ = {
			isa = PBXContainerItemProxy;
			containerPortal = 4F6BEDAC2A26A65500CD9322 /* RevenueCat.xcodeproj */;
			proxyType = 2;
			remoteGlobalIDString = 2DEAC2DA26EFE46E006914ED;
			remoteInfo = UnitTestsHostApp;
		};
		4F6BEDC52A26A65500CD9322 /* PBXContainerItemProxy */ = {
			isa = PBXContainerItemProxy;
			containerPortal = 4F6BEDAC2A26A65500CD9322 /* RevenueCat.xcodeproj */;
			proxyType = 2;
			remoteGlobalIDString = 2DAC5F7226F13C9800C5258F;
			remoteInfo = StoreKitUnitTests;
		};
		4FEF96A42A2FC23A00239C08 /* PBXContainerItemProxy */ = {
			isa = PBXContainerItemProxy;
			containerPortal = 4F6BEDAC2A26A65500CD9322 /* RevenueCat.xcodeproj */;
			proxyType = 2;
			remoteGlobalIDString = 4F6BEE312A27B02400CD9322;
			remoteInfo = BackendCustomEntitlementsIntegrationTests;
		};
/* End PBXContainerItemProxy section */

/* Begin PBXCopyFilesBuildPhase section */
		4F6BEDD72A26A68E00CD9322 /* Embed Frameworks */ = {
			isa = PBXCopyFilesBuildPhase;
			buildActionMask = 2147483647;
			dstPath = "";
			dstSubfolderSpec = 10;
			files = (
				4F6BEDD62A26A68E00CD9322 /* RevenueCat.framework in Embed Frameworks */,
			);
			name = "Embed Frameworks";
			runOnlyForDeploymentPostprocessing = 0;
		};
/* End PBXCopyFilesBuildPhase section */

/* Begin PBXFileReference section */
		4F6BED9A2A26A64200CD9322 /* Netflix.app */ = {isa = PBXFileReference; explicitFileType = wrapper.application; includeInIndex = 0; path = Netflix.app; sourceTree = BUILT_PRODUCTS_DIR; };
		4F6BED9D2A26A64200CD9322 /* NetflixApp.swift */ = {isa = PBXFileReference; lastKnownFileType = sourcecode.swift; path = NetflixApp.swift; sourceTree = "<group>"; };
		4F6BED9F2A26A64200CD9322 /* ContentView.swift */ = {isa = PBXFileReference; lastKnownFileType = sourcecode.swift; path = ContentView.swift; sourceTree = "<group>"; };
		4F6BEDA12A26A64300CD9322 /* Assets.xcassets */ = {isa = PBXFileReference; lastKnownFileType = folder.assetcatalog; path = Assets.xcassets; sourceTree = "<group>"; };
		4F6BEDA32A26A64300CD9322 /* Netflix.entitlements */ = {isa = PBXFileReference; lastKnownFileType = text.plist.entitlements; path = Netflix.entitlements; sourceTree = "<group>"; };
		4F6BEDA52A26A64300CD9322 /* Preview Assets.xcassets */ = {isa = PBXFileReference; lastKnownFileType = folder.assetcatalog; path = "Preview Assets.xcassets"; sourceTree = "<group>"; };
		4F6BEDAC2A26A65500CD9322 /* RevenueCat.xcodeproj */ = {isa = PBXFileReference; lastKnownFileType = "wrapper.pb-project"; name = RevenueCat.xcodeproj; path = ../../RevenueCat.xcodeproj; sourceTree = "<group>"; };
		4F6BEDE32A26B96400CD9322 /* Products.storekit */ = {isa = PBXFileReference; lastKnownFileType = text; path = Products.storekit; sourceTree = "<group>"; };
		4FEF969A2A2FC23A00239C08 /* sampleapp.storekit */ = {isa = PBXFileReference; lastKnownFileType = text; path = sampleapp.storekit; sourceTree = "<group>"; };
/* End PBXFileReference section */

/* Begin PBXFrameworksBuildPhase section */
		4F6BED972A26A64200CD9322 /* Frameworks */ = {
			isa = PBXFrameworksBuildPhase;
			buildActionMask = 2147483647;
			files = (
				4F6BEDD52A26A68E00CD9322 /* RevenueCat.framework in Frameworks */,
			);
			runOnlyForDeploymentPostprocessing = 0;
		};
/* End PBXFrameworksBuildPhase section */

/* Begin PBXGroup section */
		4F6BED912A26A64200CD9322 = {
			isa = PBXGroup;
			children = (
				4F6BEDAC2A26A65500CD9322 /* RevenueCat.xcodeproj */,
				4F6BED9C2A26A64200CD9322 /* Netflix */,
				4F6BED9B2A26A64200CD9322 /* Products */,
				4F6BEDCC2A26A68E00CD9322 /* Frameworks */,
			);
			sourceTree = "<group>";
		};
		4F6BED9B2A26A64200CD9322 /* Products */ = {
			isa = PBXGroup;
			children = (
				4F6BED9A2A26A64200CD9322 /* Netflix.app */,
			);
			name = Products;
			sourceTree = "<group>";
		};
		4F6BED9C2A26A64200CD9322 /* Netflix */ = {
			isa = PBXGroup;
			children = (
				4F6BED9D2A26A64200CD9322 /* NetflixApp.swift */,
				4F6BED9F2A26A64200CD9322 /* ContentView.swift */,
				4F6BEDA12A26A64300CD9322 /* Assets.xcassets */,
				4F6BEDA32A26A64300CD9322 /* Netflix.entitlements */,
				4F6BEDE32A26B96400CD9322 /* Products.storekit */,
				4FEF969A2A2FC23A00239C08 /* sampleapp.storekit */,
				4F6BEDA42A26A64300CD9322 /* Preview Content */,
			);
			path = Netflix;
			sourceTree = "<group>";
		};
		4F6BEDA42A26A64300CD9322 /* Preview Content */ = {
			isa = PBXGroup;
			children = (
				4F6BEDA52A26A64300CD9322 /* Preview Assets.xcassets */,
			);
			path = "Preview Content";
			sourceTree = "<group>";
		};
		4F6BEDAD2A26A65500CD9322 /* Products */ = {
			isa = PBXGroup;
			children = (
				4F6BEDB82A26A65500CD9322 /* RevenueCat.framework */,
				4F6BEDBA2A26A65500CD9322 /* ReceiptParser.framework */,
				4F6BEDBC2A26A65500CD9322 /* UnitTests.xctest */,
				4F6BEDBE2A26A65500CD9322 /* ReceiptParserTests.xctest */,
				4F6BEDC02A26A65500CD9322 /* BackendIntegrationTestsHostApp.app */,
				4F6BEDC22A26A65500CD9322 /* BackendIntegrationTests.xctest */,
				4FEF96A52A2FC23A00239C08 /* BackendCustomEntitlementsIntegrationTests.xctest */,
				4F6BEDC42A26A65500CD9322 /* UnitTestsHostApp.app */,
				4F6BEDC62A26A65500CD9322 /* StoreKitUnitTests.xctest */,
			);
			name = Products;
			sourceTree = "<group>";
		};
		4F6BEDCC2A26A68E00CD9322 /* Frameworks */ = {
			isa = PBXGroup;
			children = (
			);
			name = Frameworks;
			sourceTree = "<group>";
		};
/* End PBXGroup section */

/* Begin PBXNativeTarget section */
		4F6BED992A26A64200CD9322 /* Netflix */ = {
			isa = PBXNativeTarget;
			buildConfigurationList = 4F6BEDA92A26A64300CD9322 /* Build configuration list for PBXNativeTarget "Netflix" */;
			buildPhases = (
				4F6BED962A26A64200CD9322 /* Sources */,
				4F6BED972A26A64200CD9322 /* Frameworks */,
				4F6BED982A26A64200CD9322 /* Resources */,
				4F6BEDD72A26A68E00CD9322 /* Embed Frameworks */,
			);
			buildRules = (
			);
			dependencies = (
			);
			name = Netflix;
			productName = Netflix;
			productReference = 4F6BED9A2A26A64200CD9322 /* Netflix.app */;
			productType = "com.apple.product-type.application";
		};
/* End PBXNativeTarget section */

/* Begin PBXProject section */
		4F6BED922A26A64200CD9322 /* Project object */ = {
			isa = PBXProject;
			attributes = {
				BuildIndependentTargetsInParallel = 1;
				LastSwiftUpdateCheck = 1430;
				LastUpgradeCheck = 1430;
				TargetAttributes = {
					4F6BED992A26A64200CD9322 = {
						CreatedOnToolsVersion = 14.3;
					};
				};
			};
			buildConfigurationList = 4F6BED952A26A64200CD9322 /* Build configuration list for PBXProject "Netflix" */;
			compatibilityVersion = "Xcode 14.0";
			developmentRegion = en;
			hasScannedForEncodings = 0;
			knownRegions = (
				en,
				Base,
			);
			mainGroup = 4F6BED912A26A64200CD9322;
			productRefGroup = 4F6BED9B2A26A64200CD9322 /* Products */;
			projectDirPath = "";
			projectReferences = (
				{
					ProductGroup = 4F6BEDAD2A26A65500CD9322 /* Products */;
					ProjectRef = 4F6BEDAC2A26A65500CD9322 /* RevenueCat.xcodeproj */;
				},
			);
			projectRoot = "";
			targets = (
				4F6BED992A26A64200CD9322 /* Netflix */,
			);
		};
/* End PBXProject section */

/* Begin PBXReferenceProxy section */
		4F6BEDB82A26A65500CD9322 /* RevenueCat.framework */ = {
			isa = PBXReferenceProxy;
			fileType = wrapper.framework;
			path = RevenueCat.framework;
			remoteRef = 4F6BEDB72A26A65500CD9322 /* PBXContainerItemProxy */;
			sourceTree = BUILT_PRODUCTS_DIR;
		};
		4F6BEDBA2A26A65500CD9322 /* ReceiptParser.framework */ = {
			isa = PBXReferenceProxy;
			fileType = wrapper.framework;
			path = ReceiptParser.framework;
			remoteRef = 4F6BEDB92A26A65500CD9322 /* PBXContainerItemProxy */;
			sourceTree = BUILT_PRODUCTS_DIR;
		};
		4F6BEDBC2A26A65500CD9322 /* UnitTests.xctest */ = {
			isa = PBXReferenceProxy;
			fileType = wrapper.cfbundle;
			path = UnitTests.xctest;
			remoteRef = 4F6BEDBB2A26A65500CD9322 /* PBXContainerItemProxy */;
			sourceTree = BUILT_PRODUCTS_DIR;
		};
		4F6BEDBE2A26A65500CD9322 /* ReceiptParserTests.xctest */ = {
			isa = PBXReferenceProxy;
			fileType = wrapper.cfbundle;
			path = ReceiptParserTests.xctest;
			remoteRef = 4F6BEDBD2A26A65500CD9322 /* PBXContainerItemProxy */;
			sourceTree = BUILT_PRODUCTS_DIR;
		};
		4F6BEDC02A26A65500CD9322 /* BackendIntegrationTestsHostApp.app */ = {
			isa = PBXReferenceProxy;
			fileType = wrapper.application;
			path = BackendIntegrationTestsHostApp.app;
			remoteRef = 4F6BEDBF2A26A65500CD9322 /* PBXContainerItemProxy */;
			sourceTree = BUILT_PRODUCTS_DIR;
		};
		4F6BEDC22A26A65500CD9322 /* BackendIntegrationTests.xctest */ = {
			isa = PBXReferenceProxy;
			fileType = wrapper.cfbundle;
			path = BackendIntegrationTests.xctest;
			remoteRef = 4F6BEDC12A26A65500CD9322 /* PBXContainerItemProxy */;
			sourceTree = BUILT_PRODUCTS_DIR;
		};
		4F6BEDC42A26A65500CD9322 /* UnitTestsHostApp.app */ = {
			isa = PBXReferenceProxy;
			fileType = wrapper.application;
			path = UnitTestsHostApp.app;
			remoteRef = 4F6BEDC32A26A65500CD9322 /* PBXContainerItemProxy */;
			sourceTree = BUILT_PRODUCTS_DIR;
		};
		4F6BEDC62A26A65500CD9322 /* StoreKitUnitTests.xctest */ = {
			isa = PBXReferenceProxy;
			fileType = wrapper.cfbundle;
			path = StoreKitUnitTests.xctest;
			remoteRef = 4F6BEDC52A26A65500CD9322 /* PBXContainerItemProxy */;
			sourceTree = BUILT_PRODUCTS_DIR;
		};
		4FEF96A52A2FC23A00239C08 /* BackendCustomEntitlementsIntegrationTests.xctest */ = {
			isa = PBXReferenceProxy;
			fileType = wrapper.cfbundle;
			path = BackendCustomEntitlementsIntegrationTests.xctest;
			remoteRef = 4FEF96A42A2FC23A00239C08 /* PBXContainerItemProxy */;
			sourceTree = BUILT_PRODUCTS_DIR;
		};
/* End PBXReferenceProxy section */

/* Begin PBXResourcesBuildPhase section */
		4F6BED982A26A64200CD9322 /* Resources */ = {
			isa = PBXResourcesBuildPhase;
			buildActionMask = 2147483647;
			files = (
				4F6BEDA62A26A64300CD9322 /* Preview Assets.xcassets in Resources */,
				4F6BEDA22A26A64300CD9322 /* Assets.xcassets in Resources */,
			);
			runOnlyForDeploymentPostprocessing = 0;
		};
/* End PBXResourcesBuildPhase section */

/* Begin PBXSourcesBuildPhase section */
		4F6BED962A26A64200CD9322 /* Sources */ = {
			isa = PBXSourcesBuildPhase;
			buildActionMask = 2147483647;
			files = (
				4F6BEDA02A26A64200CD9322 /* ContentView.swift in Sources */,
				4F6BED9E2A26A64200CD9322 /* NetflixApp.swift in Sources */,
			);
			runOnlyForDeploymentPostprocessing = 0;
		};
/* End PBXSourcesBuildPhase section */

/* Begin XCBuildConfiguration section */
		4F6BEDA72A26A64300CD9322 /* Debug */ = {
			isa = XCBuildConfiguration;
			buildSettings = {
				ALWAYS_SEARCH_USER_PATHS = NO;
				CLANG_ANALYZER_NONNULL = YES;
				CLANG_ANALYZER_NUMBER_OBJECT_CONVERSION = YES_AGGRESSIVE;
				CLANG_CXX_LANGUAGE_STANDARD = "gnu++20";
				CLANG_ENABLE_MODULES = YES;
				CLANG_ENABLE_OBJC_ARC = YES;
				CLANG_ENABLE_OBJC_WEAK = YES;
				CLANG_WARN_BLOCK_CAPTURE_AUTORELEASING = YES;
				CLANG_WARN_BOOL_CONVERSION = YES;
				CLANG_WARN_COMMA = YES;
				CLANG_WARN_CONSTANT_CONVERSION = YES;
				CLANG_WARN_DEPRECATED_OBJC_IMPLEMENTATIONS = YES;
				CLANG_WARN_DIRECT_OBJC_ISA_USAGE = YES_ERROR;
				CLANG_WARN_DOCUMENTATION_COMMENTS = YES;
				CLANG_WARN_EMPTY_BODY = YES;
				CLANG_WARN_ENUM_CONVERSION = YES;
				CLANG_WARN_INFINITE_RECURSION = YES;
				CLANG_WARN_INT_CONVERSION = YES;
				CLANG_WARN_NON_LITERAL_NULL_CONVERSION = YES;
				CLANG_WARN_OBJC_IMPLICIT_RETAIN_SELF = YES;
				CLANG_WARN_OBJC_LITERAL_CONVERSION = YES;
				CLANG_WARN_OBJC_ROOT_CLASS = YES_ERROR;
				CLANG_WARN_QUOTED_INCLUDE_IN_FRAMEWORK_HEADER = YES;
				CLANG_WARN_RANGE_LOOP_ANALYSIS = YES;
				CLANG_WARN_STRICT_PROTOTYPES = YES;
				CLANG_WARN_SUSPICIOUS_MOVE = YES;
				CLANG_WARN_UNGUARDED_AVAILABILITY = YES_AGGRESSIVE;
				CLANG_WARN_UNREACHABLE_CODE = YES;
				CLANG_WARN__DUPLICATE_METHOD_MATCH = YES;
				COPY_PHASE_STRIP = NO;
				DEBUG_INFORMATION_FORMAT = dwarf;
				ENABLE_STRICT_OBJC_MSGSEND = YES;
				ENABLE_TESTABILITY = YES;
				GCC_C_LANGUAGE_STANDARD = gnu11;
				GCC_DYNAMIC_NO_PIC = NO;
				GCC_NO_COMMON_BLOCKS = YES;
				GCC_OPTIMIZATION_LEVEL = 0;
				GCC_PREPROCESSOR_DEFINITIONS = (
					"DEBUG=1",
					"$(inherited)",
				);
				GCC_WARN_64_TO_32_BIT_CONVERSION = YES;
				GCC_WARN_ABOUT_RETURN_TYPE = YES_ERROR;
				GCC_WARN_UNDECLARED_SELECTOR = YES;
				GCC_WARN_UNINITIALIZED_AUTOS = YES_AGGRESSIVE;
				GCC_WARN_UNUSED_FUNCTION = YES;
				GCC_WARN_UNUSED_VARIABLE = YES;
				MTL_ENABLE_DEBUG_INFO = INCLUDE_SOURCE;
				MTL_FAST_MATH = YES;
				ONLY_ACTIVE_ARCH = YES;
				SWIFT_ACTIVE_COMPILATION_CONDITIONS = DEBUG;
				SWIFT_OPTIMIZATION_LEVEL = "-Onone";
			};
			name = Debug;
		};
		4F6BEDA82A26A64300CD9322 /* Release */ = {
			isa = XCBuildConfiguration;
			buildSettings = {
				ALWAYS_SEARCH_USER_PATHS = NO;
				CLANG_ANALYZER_NONNULL = YES;
				CLANG_ANALYZER_NUMBER_OBJECT_CONVERSION = YES_AGGRESSIVE;
				CLANG_CXX_LANGUAGE_STANDARD = "gnu++20";
				CLANG_ENABLE_MODULES = YES;
				CLANG_ENABLE_OBJC_ARC = YES;
				CLANG_ENABLE_OBJC_WEAK = YES;
				CLANG_WARN_BLOCK_CAPTURE_AUTORELEASING = YES;
				CLANG_WARN_BOOL_CONVERSION = YES;
				CLANG_WARN_COMMA = YES;
				CLANG_WARN_CONSTANT_CONVERSION = YES;
				CLANG_WARN_DEPRECATED_OBJC_IMPLEMENTATIONS = YES;
				CLANG_WARN_DIRECT_OBJC_ISA_USAGE = YES_ERROR;
				CLANG_WARN_DOCUMENTATION_COMMENTS = YES;
				CLANG_WARN_EMPTY_BODY = YES;
				CLANG_WARN_ENUM_CONVERSION = YES;
				CLANG_WARN_INFINITE_RECURSION = YES;
				CLANG_WARN_INT_CONVERSION = YES;
				CLANG_WARN_NON_LITERAL_NULL_CONVERSION = YES;
				CLANG_WARN_OBJC_IMPLICIT_RETAIN_SELF = YES;
				CLANG_WARN_OBJC_LITERAL_CONVERSION = YES;
				CLANG_WARN_OBJC_ROOT_CLASS = YES_ERROR;
				CLANG_WARN_QUOTED_INCLUDE_IN_FRAMEWORK_HEADER = YES;
				CLANG_WARN_RANGE_LOOP_ANALYSIS = YES;
				CLANG_WARN_STRICT_PROTOTYPES = YES;
				CLANG_WARN_SUSPICIOUS_MOVE = YES;
				CLANG_WARN_UNGUARDED_AVAILABILITY = YES_AGGRESSIVE;
				CLANG_WARN_UNREACHABLE_CODE = YES;
				CLANG_WARN__DUPLICATE_METHOD_MATCH = YES;
				COPY_PHASE_STRIP = NO;
				DEBUG_INFORMATION_FORMAT = "dwarf-with-dsym";
				ENABLE_NS_ASSERTIONS = NO;
				ENABLE_STRICT_OBJC_MSGSEND = YES;
				GCC_C_LANGUAGE_STANDARD = gnu11;
				GCC_NO_COMMON_BLOCKS = YES;
				GCC_WARN_64_TO_32_BIT_CONVERSION = YES;
				GCC_WARN_ABOUT_RETURN_TYPE = YES_ERROR;
				GCC_WARN_UNDECLARED_SELECTOR = YES;
				GCC_WARN_UNINITIALIZED_AUTOS = YES_AGGRESSIVE;
				GCC_WARN_UNUSED_FUNCTION = YES;
				GCC_WARN_UNUSED_VARIABLE = YES;
				MTL_ENABLE_DEBUG_INFO = NO;
				MTL_FAST_MATH = YES;
				SWIFT_COMPILATION_MODE = wholemodule;
				SWIFT_OPTIMIZATION_LEVEL = "-O";
			};
			name = Release;
		};
		4F6BEDAA2A26A64300CD9322 /* Debug */ = {
			isa = XCBuildConfiguration;
			buildSettings = {
				ASSETCATALOG_COMPILER_APPICON_NAME = AppIcon;
				ASSETCATALOG_COMPILER_GLOBAL_ACCENT_COLOR_NAME = AccentColor;
				CODE_SIGN_ENTITLEMENTS = Netflix/Netflix.entitlements;
				CODE_SIGN_STYLE = Automatic;
				CURRENT_PROJECT_VERSION = 1;
				DEVELOPMENT_ASSET_PATHS = "\"Netflix/Preview Content\"";
				DEVELOPMENT_TEAM = NGJFY8L3Q4;
				ENABLE_PREVIEWS = YES;
				GENERATE_INFOPLIST_FILE = YES;
				"INFOPLIST_KEY_UIApplicationSceneManifest_Generation[sdk=iphoneos*]" = YES;
				"INFOPLIST_KEY_UIApplicationSceneManifest_Generation[sdk=iphonesimulator*]" = YES;
				"INFOPLIST_KEY_UIApplicationSupportsIndirectInputEvents[sdk=iphoneos*]" = YES;
				"INFOPLIST_KEY_UIApplicationSupportsIndirectInputEvents[sdk=iphonesimulator*]" = YES;
				"INFOPLIST_KEY_UILaunchScreen_Generation[sdk=iphoneos*]" = YES;
				"INFOPLIST_KEY_UILaunchScreen_Generation[sdk=iphonesimulator*]" = YES;
				INFOPLIST_KEY_UIRequiresFullScreen = NO;
				"INFOPLIST_KEY_UIStatusBarStyle[sdk=iphoneos*]" = UIStatusBarStyleDefault;
				"INFOPLIST_KEY_UIStatusBarStyle[sdk=iphonesimulator*]" = UIStatusBarStyleDefault;
				INFOPLIST_KEY_UISupportedInterfaceOrientations_iPad = "UIInterfaceOrientationPortrait UIInterfaceOrientationPortraitUpsideDown UIInterfaceOrientationLandscapeLeft UIInterfaceOrientationLandscapeRight";
				INFOPLIST_KEY_UISupportedInterfaceOrientations_iPhone = "UIInterfaceOrientationPortrait UIInterfaceOrientationLandscapeLeft UIInterfaceOrientationLandscapeRight";
				IPHONEOS_DEPLOYMENT_TARGET = 16.4;
				LD_RUNPATH_SEARCH_PATHS = "@executable_path/Frameworks";
				"LD_RUNPATH_SEARCH_PATHS[sdk=macosx*]" = "@executable_path/../Frameworks";
				MACOSX_DEPLOYMENT_TARGET = 13.3;
				MARKETING_VERSION = 1.0;
				PRODUCT_BUNDLE_IDENTIFIER = com.revenuecat.sampleapp;
				PRODUCT_NAME = "$(TARGET_NAME)";
				SDKROOT = auto;
				SUPPORTED_PLATFORMS = "iphoneos iphonesimulator";
				SUPPORTS_MACCATALYST = YES;
				SUPPORTS_MAC_DESIGNED_FOR_IPHONE_IPAD = NO;
				SWIFT_EMIT_LOC_STRINGS = YES;
				SWIFT_VERSION = 5.0;
				TARGETED_DEVICE_FAMILY = "1,2";
			};
			name = Debug;
		};
		4F6BEDAB2A26A64300CD9322 /* Release */ = {
			isa = XCBuildConfiguration;
			buildSettings = {
				ASSETCATALOG_COMPILER_APPICON_NAME = AppIcon;
				ASSETCATALOG_COMPILER_GLOBAL_ACCENT_COLOR_NAME = AccentColor;
				CODE_SIGN_ENTITLEMENTS = Netflix/Netflix.entitlements;
				CODE_SIGN_STYLE = Automatic;
				CURRENT_PROJECT_VERSION = 1;
				DEVELOPMENT_ASSET_PATHS = "\"Netflix/Preview Content\"";
				DEVELOPMENT_TEAM = NGJFY8L3Q4;
				ENABLE_PREVIEWS = YES;
				GENERATE_INFOPLIST_FILE = YES;
				"INFOPLIST_KEY_UIApplicationSceneManifest_Generation[sdk=iphoneos*]" = YES;
				"INFOPLIST_KEY_UIApplicationSceneManifest_Generation[sdk=iphonesimulator*]" = YES;
				"INFOPLIST_KEY_UIApplicationSupportsIndirectInputEvents[sdk=iphoneos*]" = YES;
				"INFOPLIST_KEY_UIApplicationSupportsIndirectInputEvents[sdk=iphonesimulator*]" = YES;
				"INFOPLIST_KEY_UILaunchScreen_Generation[sdk=iphoneos*]" = YES;
				"INFOPLIST_KEY_UILaunchScreen_Generation[sdk=iphonesimulator*]" = YES;
				INFOPLIST_KEY_UIRequiresFullScreen = NO;
				"INFOPLIST_KEY_UIStatusBarStyle[sdk=iphoneos*]" = UIStatusBarStyleDefault;
				"INFOPLIST_KEY_UIStatusBarStyle[sdk=iphonesimulator*]" = UIStatusBarStyleDefault;
				INFOPLIST_KEY_UISupportedInterfaceOrientations_iPad = "UIInterfaceOrientationPortrait UIInterfaceOrientationPortraitUpsideDown UIInterfaceOrientationLandscapeLeft UIInterfaceOrientationLandscapeRight";
				INFOPLIST_KEY_UISupportedInterfaceOrientations_iPhone = "UIInterfaceOrientationPortrait UIInterfaceOrientationLandscapeLeft UIInterfaceOrientationLandscapeRight";
				IPHONEOS_DEPLOYMENT_TARGET = 16.4;
				LD_RUNPATH_SEARCH_PATHS = "@executable_path/Frameworks";
				"LD_RUNPATH_SEARCH_PATHS[sdk=macosx*]" = "@executable_path/../Frameworks";
				MACOSX_DEPLOYMENT_TARGET = 13.3;
				MARKETING_VERSION = 1.0;
				PRODUCT_BUNDLE_IDENTIFIER = com.revenuecat.sampleapp;
				PRODUCT_NAME = "$(TARGET_NAME)";
				SDKROOT = auto;
				SUPPORTED_PLATFORMS = "iphoneos iphonesimulator";
				SUPPORTS_MACCATALYST = YES;
				SUPPORTS_MAC_DESIGNED_FOR_IPHONE_IPAD = NO;
				SWIFT_EMIT_LOC_STRINGS = YES;
				SWIFT_VERSION = 5.0;
				TARGETED_DEVICE_FAMILY = "1,2";
			};
			name = Release;
		};
/* End XCBuildConfiguration section */

/* Begin XCConfigurationList section */
		4F6BED952A26A64200CD9322 /* Build configuration list for PBXProject "Netflix" */ = {
			isa = XCConfigurationList;
			buildConfigurations = (
				4F6BEDA72A26A64300CD9322 /* Debug */,
				4F6BEDA82A26A64300CD9322 /* Release */,
			);
			defaultConfigurationIsVisible = 0;
			defaultConfigurationName = Release;
		};
		4F6BEDA92A26A64300CD9322 /* Build configuration list for PBXNativeTarget "Netflix" */ = {
			isa = XCConfigurationList;
			buildConfigurations = (
				4F6BEDAA2A26A64300CD9322 /* Debug */,
				4F6BEDAB2A26A64300CD9322 /* Release */,
			);
			defaultConfigurationIsVisible = 0;
			defaultConfigurationName = Release;
		};
/* End XCConfigurationList section */
	};
	rootObject = 4F6BED922A26A64200CD9322 /* Project object */;
}
