{
  "object": {
    "pins": [
      {
        "package": "RevenueCat",
        "repositoryURL": "https://github.com/RevenueCat/purchases-ios.git",
        "state": {
          "branch": "sc-7243",
          "revision": "44149a3ecb7479c224c4d372bb1a81caa47d633b",
          "version": null
        }
      }
    ]
  },
  "version": 1
}
